// !$*UTF8*$!
{
	archiveVersion = 1;
	classes = {
	};
	objectVersion = 48;
	objects = {

/* Begin PBXBuildFile section */
		1A16B6FE2050131E00653DBB /* CommentsTableViewController.swift in Sources */ = {isa = PBXBuildFile; fileRef = 1A16B6FD2050131E00653DBB /* CommentsTableViewController.swift */; };
		1A16B7002050132C00653DBB /* CommentsTableViewCell.swift in Sources */ = {isa = PBXBuildFile; fileRef = 1A16B6FF2050132C00653DBB /* CommentsTableViewCell.swift */; };
		1A23FC57206E7CBB002B7380 /* MoyaProvider+PromiseKit.swift in Sources */ = {isa = PBXBuildFile; fileRef = 1A23FC56206E7CBB002B7380 /* MoyaProvider+PromiseKit.swift */; };
		1A2BAC8520626A3E0021DC80 /* Assets.xcassets in Resources */ = {isa = PBXBuildFile; fileRef = 1AA2D08220625F7800C5A05C /* Assets.xcassets */; };
		1A2BFD512048151500B19177 /* AppDelegate.swift in Sources */ = {isa = PBXBuildFile; fileRef = 1A2BFD502048151500B19177 /* AppDelegate.swift */; };
		1A2BFD562048151500B19177 /* Main.storyboard in Resources */ = {isa = PBXBuildFile; fileRef = 1A2BFD542048151500B19177 /* Main.storyboard */; };
		1A2BFD5B2048151500B19177 /* LaunchScreen.storyboard in Resources */ = {isa = PBXBuildFile; fileRef = 1A2BFD592048151500B19177 /* LaunchScreen.storyboard */; };
		1A2BFD6320482D2700B19177 /* LogInController.swift in Sources */ = {isa = PBXBuildFile; fileRef = 1A2BFD6220482D2700B19177 /* LogInController.swift */; };
		1A2BFD65204875ED00B19177 /* ReposTableViewController.swift in Sources */ = {isa = PBXBuildFile; fileRef = 1A2BFD64204875ED00B19177 /* ReposTableViewController.swift */; };
		1A2BFD672048812D00B19177 /* UserData.swift in Sources */ = {isa = PBXBuildFile; fileRef = 1A2BFD662048812D00B19177 /* UserData.swift */; };
		1A2BFD692048854600B19177 /* CoreDataHandler.swift in Sources */ = {isa = PBXBuildFile; fileRef = 1A2BFD682048854600B19177 /* CoreDataHandler.swift */; };
		1A2BFD732048922C00B19177 /* ReposData.xcdatamodeld in Sources */ = {isa = PBXBuildFile; fileRef = 1A2BFD712048922C00B19177 /* ReposData.xcdatamodeld */; };
		1A370D892068E05A00A13348 /* UserAPI.swift in Sources */ = {isa = PBXBuildFile; fileRef = 1A370D882068E05A00A13348 /* UserAPI.swift */; };
		1A370D8B2068E06B00A13348 /* RepositoriesAPI.swift in Sources */ = {isa = PBXBuildFile; fileRef = 1A370D8A2068E06B00A13348 /* RepositoriesAPI.swift */; };
		1A370D8D2068E07900A13348 /* IssuesAPI.swift in Sources */ = {isa = PBXBuildFile; fileRef = 1A370D8C2068E07900A13348 /* IssuesAPI.swift */; };
		1A370D8F2068E08600A13348 /* CommentsAPI.swift in Sources */ = {isa = PBXBuildFile; fileRef = 1A370D8E2068E08600A13348 /* CommentsAPI.swift */; };
		1A370D952068ED6400A13348 /* UserServices.swift in Sources */ = {isa = PBXBuildFile; fileRef = 1A370D942068ED6400A13348 /* UserServices.swift */; };
		1A6D7E93204B29B700416370 /* RepositoryTableViewCell.swift in Sources */ = {isa = PBXBuildFile; fileRef = 1A6D7E92204B29B700416370 /* RepositoryTableViewCell.swift */; };
		1A788D9C206B86CF006BC7D2 /* Comments+CoreDataClass.swift in Sources */ = {isa = PBXBuildFile; fileRef = 1A788D96206B86CF006BC7D2 /* Comments+CoreDataClass.swift */; };
		1A788D9D206B86CF006BC7D2 /* Comments+CoreDataProperties.swift in Sources */ = {isa = PBXBuildFile; fileRef = 1A788D97206B86CF006BC7D2 /* Comments+CoreDataProperties.swift */; };
		1A788D9E206B86CF006BC7D2 /* Issues+CoreDataClass.swift in Sources */ = {isa = PBXBuildFile; fileRef = 1A788D98206B86CF006BC7D2 /* Issues+CoreDataClass.swift */; };
		1A788D9F206B86CF006BC7D2 /* Issues+CoreDataProperties.swift in Sources */ = {isa = PBXBuildFile; fileRef = 1A788D99206B86CF006BC7D2 /* Issues+CoreDataProperties.swift */; };
		1A788DA0206B86CF006BC7D2 /* Repository+CoreDataClass.swift in Sources */ = {isa = PBXBuildFile; fileRef = 1A788D9A206B86CF006BC7D2 /* Repository+CoreDataClass.swift */; };
		1A788DA1206B86CF006BC7D2 /* Repository+CoreDataProperties.swift in Sources */ = {isa = PBXBuildFile; fileRef = 1A788D9B206B86CF006BC7D2 /* Repository+CoreDataProperties.swift */; };
		1A966A9D204F10DA003AEA9E /* IssueTableViewController.swift in Sources */ = {isa = PBXBuildFile; fileRef = 1A966A9C204F10DA003AEA9E /* IssueTableViewController.swift */; };
		1A966A9F204F1A41003AEA9E /* IssueTableViewCell.swift in Sources */ = {isa = PBXBuildFile; fileRef = 1A966A9E204F1A41003AEA9E /* IssueTableViewCell.swift */; };
		1ACEAD302068C7AD00AEE525 /* Variables.swift in Sources */ = {isa = PBXBuildFile; fileRef = 1ACEAD2F2068C7AD00AEE525 /* Variables.swift */; };
		1AD261BB2068F9B8006C4F57 /* UserStorage.swift in Sources */ = {isa = PBXBuildFile; fileRef = 1AD261BA2068F9B8006C4F57 /* UserStorage.swift */; };
		1AD261BD20691C97006C4F57 /* RepositoriesServices.swift in Sources */ = {isa = PBXBuildFile; fileRef = 1AD261BC20691C97006C4F57 /* RepositoriesServices.swift */; };
		1AD261BF20691EA3006C4F57 /* RepositoriesStorage.swift in Sources */ = {isa = PBXBuildFile; fileRef = 1AD261BE20691EA3006C4F57 /* RepositoriesStorage.swift */; };
		1AD261C120692A5A006C4F57 /* IssuesStorage.swift in Sources */ = {isa = PBXBuildFile; fileRef = 1AD261C020692A5A006C4F57 /* IssuesStorage.swift */; };
		1AD261C520692C27006C4F57 /* IssuesServices.swift in Sources */ = {isa = PBXBuildFile; fileRef = 1AD261C420692C27006C4F57 /* IssuesServices.swift */; };
		1AD261C720692EFB006C4F57 /* CommentsServices.swift in Sources */ = {isa = PBXBuildFile; fileRef = 1AD261C620692EFB006C4F57 /* CommentsServices.swift */; };
		1AD261C920692F09006C4F57 /* CommentsStorage.swift in Sources */ = {isa = PBXBuildFile; fileRef = 1AD261C820692F09006C4F57 /* CommentsStorage.swift */; };
		1AE58DB42072122500FD603D /* CreateIssueController.swift in Sources */ = {isa = PBXBuildFile; fileRef = 1AE58DB32072122500FD603D /* CreateIssueController.swift */; };
		5D0572CB7178EBCE5FF962BA /* Pods_GitHub_test.framework in Frameworks */ = {isa = PBXBuildFile; fileRef = EA29D623ACA89062E6B097DF /* Pods_GitHub_test.framework */; };
/* End PBXBuildFile section */

/* Begin PBXFileReference section */
		1A16B6FD2050131E00653DBB /* CommentsTableViewController.swift */ = {isa = PBXFileReference; lastKnownFileType = sourcecode.swift; path = CommentsTableViewController.swift; sourceTree = "<group>"; };
		1A16B6FF2050132C00653DBB /* CommentsTableViewCell.swift */ = {isa = PBXFileReference; lastKnownFileType = sourcecode.swift; path = CommentsTableViewCell.swift; sourceTree = "<group>"; };
		1A23FC56206E7CBB002B7380 /* MoyaProvider+PromiseKit.swift */ = {isa = PBXFileReference; lastKnownFileType = sourcecode.swift; path = "MoyaProvider+PromiseKit.swift"; sourceTree = "<group>"; };
		1A2BFD4D2048151500B19177 /* GitHub test.app */ = {isa = PBXFileReference; explicitFileType = wrapper.application; includeInIndex = 0; path = "GitHub test.app"; sourceTree = BUILT_PRODUCTS_DIR; };
		1A2BFD502048151500B19177 /* AppDelegate.swift */ = {isa = PBXFileReference; lastKnownFileType = sourcecode.swift; path = AppDelegate.swift; sourceTree = "<group>"; };
		1A2BFD552048151500B19177 /* Base */ = {isa = PBXFileReference; lastKnownFileType = file.storyboard; name = Base; path = Base.lproj/Main.storyboard; sourceTree = "<group>"; };
		1A2BFD5A2048151500B19177 /* Base */ = {isa = PBXFileReference; lastKnownFileType = file.storyboard; name = Base; path = Base.lproj/LaunchScreen.storyboard; sourceTree = "<group>"; };
		1A2BFD5C2048151500B19177 /* Info.plist */ = {isa = PBXFileReference; lastKnownFileType = text.plist.xml; path = Info.plist; sourceTree = "<group>"; };
		1A2BFD6220482D2700B19177 /* LogInController.swift */ = {isa = PBXFileReference; lastKnownFileType = sourcecode.swift; path = LogInController.swift; sourceTree = "<group>"; };
		1A2BFD64204875ED00B19177 /* ReposTableViewController.swift */ = {isa = PBXFileReference; lastKnownFileType = sourcecode.swift; path = ReposTableViewController.swift; sourceTree = "<group>"; };
		1A2BFD662048812D00B19177 /* UserData.swift */ = {isa = PBXFileReference; lastKnownFileType = sourcecode.swift; path = UserData.swift; sourceTree = "<group>"; };
		1A2BFD682048854600B19177 /* CoreDataHandler.swift */ = {isa = PBXFileReference; lastKnownFileType = sourcecode.swift; path = CoreDataHandler.swift; sourceTree = "<group>"; };
		1A2BFD722048922C00B19177 /* ReposData.xcdatamodel */ = {isa = PBXFileReference; lastKnownFileType = wrapper.xcdatamodel; path = ReposData.xcdatamodel; sourceTree = "<group>"; };
		1A370D882068E05A00A13348 /* UserAPI.swift */ = {isa = PBXFileReference; lastKnownFileType = sourcecode.swift; path = UserAPI.swift; sourceTree = "<group>"; };
		1A370D8A2068E06B00A13348 /* RepositoriesAPI.swift */ = {isa = PBXFileReference; lastKnownFileType = sourcecode.swift; path = RepositoriesAPI.swift; sourceTree = "<group>"; };
		1A370D8C2068E07900A13348 /* IssuesAPI.swift */ = {isa = PBXFileReference; lastKnownFileType = sourcecode.swift; path = IssuesAPI.swift; sourceTree = "<group>"; };
		1A370D8E2068E08600A13348 /* CommentsAPI.swift */ = {isa = PBXFileReference; lastKnownFileType = sourcecode.swift; path = CommentsAPI.swift; sourceTree = "<group>"; };
		1A370D942068ED6400A13348 /* UserServices.swift */ = {isa = PBXFileReference; lastKnownFileType = sourcecode.swift; path = UserServices.swift; sourceTree = "<group>"; };
		1A56EC2B2049782700421B9B /* GitHub test.entitlements */ = {isa = PBXFileReference; lastKnownFileType = text.plist.entitlements; path = "GitHub test.entitlements"; sourceTree = "<group>"; };
		1A6D7E92204B29B700416370 /* RepositoryTableViewCell.swift */ = {isa = PBXFileReference; lastKnownFileType = sourcecode.swift; path = RepositoryTableViewCell.swift; sourceTree = "<group>"; };
		1A788D96206B86CF006BC7D2 /* Comments+CoreDataClass.swift */ = {isa = PBXFileReference; lastKnownFileType = sourcecode.swift; name = "Comments+CoreDataClass.swift"; path = "CoreData/Comments+CoreDataClass.swift"; sourceTree = "<group>"; };
		1A788D97206B86CF006BC7D2 /* Comments+CoreDataProperties.swift */ = {isa = PBXFileReference; lastKnownFileType = sourcecode.swift; name = "Comments+CoreDataProperties.swift"; path = "CoreData/Comments+CoreDataProperties.swift"; sourceTree = "<group>"; };
		1A788D98206B86CF006BC7D2 /* Issues+CoreDataClass.swift */ = {isa = PBXFileReference; lastKnownFileType = sourcecode.swift; name = "Issues+CoreDataClass.swift"; path = "CoreData/Issues+CoreDataClass.swift"; sourceTree = "<group>"; };
		1A788D99206B86CF006BC7D2 /* Issues+CoreDataProperties.swift */ = {isa = PBXFileReference; lastKnownFileType = sourcecode.swift; name = "Issues+CoreDataProperties.swift"; path = "CoreData/Issues+CoreDataProperties.swift"; sourceTree = "<group>"; };
		1A788D9A206B86CF006BC7D2 /* Repository+CoreDataClass.swift */ = {isa = PBXFileReference; lastKnownFileType = sourcecode.swift; name = "Repository+CoreDataClass.swift"; path = "CoreData/Repository+CoreDataClass.swift"; sourceTree = "<group>"; };
		1A788D9B206B86CF006BC7D2 /* Repository+CoreDataProperties.swift */ = {isa = PBXFileReference; lastKnownFileType = sourcecode.swift; name = "Repository+CoreDataProperties.swift"; path = "CoreData/Repository+CoreDataProperties.swift"; sourceTree = "<group>"; };
		1A966A9C204F10DA003AEA9E /* IssueTableViewController.swift */ = {isa = PBXFileReference; lastKnownFileType = sourcecode.swift; path = IssueTableViewController.swift; sourceTree = "<group>"; };
		1A966A9E204F1A41003AEA9E /* IssueTableViewCell.swift */ = {isa = PBXFileReference; lastKnownFileType = sourcecode.swift; path = IssueTableViewCell.swift; sourceTree = "<group>"; };
		1AA2D08220625F7800C5A05C /* Assets.xcassets */ = {isa = PBXFileReference; lastKnownFileType = folder.assetcatalog; name = Assets.xcassets; path = "/Files/SWIFT/Elements/GitHub-Client-test/GitHub test/View/Assets.xcassets"; sourceTree = "<absolute>"; };
		1ACEAD2F2068C7AD00AEE525 /* Variables.swift */ = {isa = PBXFileReference; lastKnownFileType = sourcecode.swift; path = Variables.swift; sourceTree = "<group>"; };
		1AD261BA2068F9B8006C4F57 /* UserStorage.swift */ = {isa = PBXFileReference; lastKnownFileType = sourcecode.swift; path = UserStorage.swift; sourceTree = "<group>"; };
		1AD261BC20691C97006C4F57 /* RepositoriesServices.swift */ = {isa = PBXFileReference; lastKnownFileType = sourcecode.swift; path = RepositoriesServices.swift; sourceTree = "<group>"; };
		1AD261BE20691EA3006C4F57 /* RepositoriesStorage.swift */ = {isa = PBXFileReference; lastKnownFileType = sourcecode.swift; path = RepositoriesStorage.swift; sourceTree = "<group>"; };
		1AD261C020692A5A006C4F57 /* IssuesStorage.swift */ = {isa = PBXFileReference; lastKnownFileType = sourcecode.swift; path = IssuesStorage.swift; sourceTree = "<group>"; };
		1AD261C420692C27006C4F57 /* IssuesServices.swift */ = {isa = PBXFileReference; lastKnownFileType = sourcecode.swift; path = IssuesServices.swift; sourceTree = "<group>"; };
		1AD261C620692EFB006C4F57 /* CommentsServices.swift */ = {isa = PBXFileReference; lastKnownFileType = sourcecode.swift; path = CommentsServices.swift; sourceTree = "<group>"; };
		1AD261C820692F09006C4F57 /* CommentsStorage.swift */ = {isa = PBXFileReference; lastKnownFileType = sourcecode.swift; path = CommentsStorage.swift; sourceTree = "<group>"; };
		1AE58DB32072122500FD603D /* CreateIssueController.swift */ = {isa = PBXFileReference; lastKnownFileType = sourcecode.swift; path = CreateIssueController.swift; sourceTree = "<group>"; };
		57E527C0CE54960E2DA1CAB9 /* Pods-GitHub test.release.xcconfig */ = {isa = PBXFileReference; includeInIndex = 1; lastKnownFileType = text.xcconfig; name = "Pods-GitHub test.release.xcconfig"; path = "Pods/Target Support Files/Pods-GitHub test/Pods-GitHub test.release.xcconfig"; sourceTree = "<group>"; };
		7D46DE56CE9744413EAA9208 /* Pods-GitHub test.debug.xcconfig */ = {isa = PBXFileReference; includeInIndex = 1; lastKnownFileType = text.xcconfig; name = "Pods-GitHub test.debug.xcconfig"; path = "Pods/Target Support Files/Pods-GitHub test/Pods-GitHub test.debug.xcconfig"; sourceTree = "<group>"; };
		EA29D623ACA89062E6B097DF /* Pods_GitHub_test.framework */ = {isa = PBXFileReference; explicitFileType = wrapper.framework; includeInIndex = 0; path = Pods_GitHub_test.framework; sourceTree = BUILT_PRODUCTS_DIR; };
/* End PBXFileReference section */

/* Begin PBXFrameworksBuildPhase section */
		1A2BFD4A2048151500B19177 /* Frameworks */ = {
			isa = PBXFrameworksBuildPhase;
			buildActionMask = 2147483647;
			files = (
				5D0572CB7178EBCE5FF962BA /* Pods_GitHub_test.framework in Frameworks */,
			);
			runOnlyForDeploymentPostprocessing = 0;
		};
/* End PBXFrameworksBuildPhase section */

/* Begin PBXGroup section */
		1A23FC55206E7C8A002B7380 /* Extension */ = {
			isa = PBXGroup;
			children = (
				1A23FC56206E7CBB002B7380 /* MoyaProvider+PromiseKit.swift */,
			);
			path = Extension;
			sourceTree = "<group>";
		};
		1A2BFD442048151500B19177 = {
			isa = PBXGroup;
			children = (
				1A2BFD4F2048151500B19177 /* GitHub test */,
				1A2BFD4E2048151500B19177 /* Products */,
				B5885D7099188EEF52B4C1D6 /* Pods */,
				D08C51430566FC83C21E2619 /* Frameworks */,
			);
			sourceTree = "<group>";
		};
		1A2BFD4E2048151500B19177 /* Products */ = {
			isa = PBXGroup;
			children = (
				1A2BFD4D2048151500B19177 /* GitHub test.app */,
			);
			name = Products;
			sourceTree = "<group>";
		};
		1A2BFD4F2048151500B19177 /* GitHub test */ = {
			isa = PBXGroup;
			children = (
				1A56EC2B2049782700421B9B /* GitHub test.entitlements */,
				1A23FC55206E7C8A002B7380 /* Extension */,
				1A2BFD6D204890D400B19177 /* Delegate */,
				1A2BFD6E204890E500B19177 /* View */,
				1A2BFD702048910200B19177 /* Controllers */,
				1A2BFD6F204890F300B19177 /* Data */,
				1A370D932068ED4900A13348 /* Manager */,
				1AE328902063F9DD0013DF64 /* Network */,
				1AD261B92068F8B7006C4F57 /* Storage */,
				1A2BFD5C2048151500B19177 /* Info.plist */,
			);
			path = "GitHub test";
			sourceTree = "<group>";
		};
		1A2BFD6D204890D400B19177 /* Delegate */ = {
			isa = PBXGroup;
			children = (
				1A2BFD502048151500B19177 /* AppDelegate.swift */,
			);
			path = Delegate;
			sourceTree = "<group>";
		};
		1A2BFD6E204890E500B19177 /* View */ = {
			isa = PBXGroup;
			children = (
				1A2BFD542048151500B19177 /* Main.storyboard */,
				1A2BFD592048151500B19177 /* LaunchScreen.storyboard */,
				1A6D7E92204B29B700416370 /* RepositoryTableViewCell.swift */,
				1A966A9E204F1A41003AEA9E /* IssueTableViewCell.swift */,
				1A16B6FF2050132C00653DBB /* CommentsTableViewCell.swift */,
				1AA2D08220625F7800C5A05C /* Assets.xcassets */,
			);
			path = View;
			sourceTree = "<group>";
		};
		1A2BFD6F204890F300B19177 /* Data */ = {
			isa = PBXGroup;
			children = (
				1A2BFD662048812D00B19177 /* UserData.swift */,
				1A2BFD682048854600B19177 /* CoreDataHandler.swift */,
				1ACEAD2F2068C7AD00AEE525 /* Variables.swift */,
			);
			path = Data;
			sourceTree = "<group>";
		};
		1A2BFD702048910200B19177 /* Controllers */ = {
			isa = PBXGroup;
			children = (
				1A2BFD6220482D2700B19177 /* LogInController.swift */,
				1A2BFD64204875ED00B19177 /* ReposTableViewController.swift */,
				1A966A9C204F10DA003AEA9E /* IssueTableViewController.swift */,
				1A16B6FD2050131E00653DBB /* CommentsTableViewController.swift */,
				1AE58DB32072122500FD603D /* CreateIssueController.swift */,
			);
			path = Controllers;
			sourceTree = "<group>";
		};
		1A370D932068ED4900A13348 /* Manager */ = {
			isa = PBXGroup;
			children = (
				1A370D942068ED6400A13348 /* UserServices.swift */,
				1AD261BC20691C97006C4F57 /* RepositoriesServices.swift */,
				1AD261C420692C27006C4F57 /* IssuesServices.swift */,
				1AD261C620692EFB006C4F57 /* CommentsServices.swift */,
			);
			path = Manager;
			sourceTree = "<group>";
		};
		1AD261B92068F8B7006C4F57 /* Storage */ = {
			isa = PBXGroup;
			children = (
				1A2BFD712048922C00B19177 /* ReposData.xcdatamodeld */,
				1A788D96206B86CF006BC7D2 /* Comments+CoreDataClass.swift */,
				1A788D97206B86CF006BC7D2 /* Comments+CoreDataProperties.swift */,
				1A788D98206B86CF006BC7D2 /* Issues+CoreDataClass.swift */,
				1A788D99206B86CF006BC7D2 /* Issues+CoreDataProperties.swift */,
				1A788D9A206B86CF006BC7D2 /* Repository+CoreDataClass.swift */,
				1A788D9B206B86CF006BC7D2 /* Repository+CoreDataProperties.swift */,
				1AD261BA2068F9B8006C4F57 /* UserStorage.swift */,
				1AD261BE20691EA3006C4F57 /* RepositoriesStorage.swift */,
				1AD261C020692A5A006C4F57 /* IssuesStorage.swift */,
				1AD261C820692F09006C4F57 /* CommentsStorage.swift */,
			);
			path = Storage;
			sourceTree = "<group>";
		};
		1AE328902063F9DD0013DF64 /* Network */ = {
			isa = PBXGroup;
			children = (
				1A370D882068E05A00A13348 /* UserAPI.swift */,
				1A370D8A2068E06B00A13348 /* RepositoriesAPI.swift */,
				1A370D8C2068E07900A13348 /* IssuesAPI.swift */,
				1A370D8E2068E08600A13348 /* CommentsAPI.swift */,
			);
			path = Network;
			sourceTree = "<group>";
		};
		B5885D7099188EEF52B4C1D6 /* Pods */ = {
			isa = PBXGroup;
			children = (
				7D46DE56CE9744413EAA9208 /* Pods-GitHub test.debug.xcconfig */,
				57E527C0CE54960E2DA1CAB9 /* Pods-GitHub test.release.xcconfig */,
			);
			name = Pods;
			sourceTree = "<group>";
		};
		D08C51430566FC83C21E2619 /* Frameworks */ = {
			isa = PBXGroup;
			children = (
				EA29D623ACA89062E6B097DF /* Pods_GitHub_test.framework */,
			);
			name = Frameworks;
			sourceTree = "<group>";
		};
/* End PBXGroup section */

/* Begin PBXNativeTarget section */
		1A2BFD4C2048151500B19177 /* GitHub test */ = {
			isa = PBXNativeTarget;
			buildConfigurationList = 1A2BFD5F2048151500B19177 /* Build configuration list for PBXNativeTarget "GitHub test" */;
			buildPhases = (
				581EB627F61661EC5EB883D3 /* [CP] Check Pods Manifest.lock */,
				1A2BFD492048151500B19177 /* Sources */,
				1A2BFD4A2048151500B19177 /* Frameworks */,
				1A2BFD4B2048151500B19177 /* Resources */,
				0DDA0C425C6B190D33F39A66 /* [CP] Embed Pods Frameworks */,
				C84B568D611681C044A02F59 /* [CP] Copy Pods Resources */,
			);
			buildRules = (
			);
			dependencies = (
			);
			name = "GitHub test";
			productName = "GitHub test";
			productReference = 1A2BFD4D2048151500B19177 /* GitHub test.app */;
			productType = "com.apple.product-type.application";
		};
/* End PBXNativeTarget section */

/* Begin PBXProject section */
		1A2BFD452048151500B19177 /* Project object */ = {
			isa = PBXProject;
			attributes = {
				LastSwiftUpdateCheck = 0910;
				LastUpgradeCheck = 0930;
				ORGANIZATIONNAME = "Nikita Marchenko";
				TargetAttributes = {
					1A2BFD4C2048151500B19177 = {
						CreatedOnToolsVersion = 9.1;
						ProvisioningStyle = Automatic;
						SystemCapabilities = {
							com.apple.BackgroundModes = {
								enabled = 1;
							};
							com.apple.Keychain = {
								enabled = 1;
							};
							com.apple.Push = {
								enabled = 1;
							};
						};
					};
				};
			};
			buildConfigurationList = 1A2BFD482048151500B19177 /* Build configuration list for PBXProject "GitHub test" */;
			compatibilityVersion = "Xcode 8.0";
			developmentRegion = en;
			hasScannedForEncodings = 0;
			knownRegions = (
				en,
				Base,
			);
			mainGroup = 1A2BFD442048151500B19177;
			productRefGroup = 1A2BFD4E2048151500B19177 /* Products */;
			projectDirPath = "";
			projectRoot = "";
			targets = (
				1A2BFD4C2048151500B19177 /* GitHub test */,
			);
		};
/* End PBXProject section */

/* Begin PBXResourcesBuildPhase section */
		1A2BFD4B2048151500B19177 /* Resources */ = {
			isa = PBXResourcesBuildPhase;
			buildActionMask = 2147483647;
			files = (
				1A2BFD5B2048151500B19177 /* LaunchScreen.storyboard in Resources */,
				1A2BAC8520626A3E0021DC80 /* Assets.xcassets in Resources */,
				1A2BFD562048151500B19177 /* Main.storyboard in Resources */,
			);
			runOnlyForDeploymentPostprocessing = 0;
		};
/* End PBXResourcesBuildPhase section */

/* Begin PBXShellScriptBuildPhase section */
		0DDA0C425C6B190D33F39A66 /* [CP] Embed Pods Frameworks */ = {
			isa = PBXShellScriptBuildPhase;
			buildActionMask = 2147483647;
			files = (
			);
			inputPaths = (
				"${SRCROOT}/Pods/Target Support Files/Pods-GitHub test/Pods-GitHub test-frameworks.sh",
				"${BUILT_PRODUCTS_DIR}/Alamofire/Alamofire.framework",
				"${BUILT_PRODUCTS_DIR}/IQKeyboardManager/IQKeyboardManager.framework",
				"${BUILT_PRODUCTS_DIR}/KeychainSwift/KeychainSwift.framework",
				"${BUILT_PRODUCTS_DIR}/Locksmith/Locksmith.framework",
				"${BUILT_PRODUCTS_DIR}/Moya/Moya.framework",
				"${BUILT_PRODUCTS_DIR}/Moya-ObjectMapper/Moya_ObjectMapper.framework",
				"${BUILT_PRODUCTS_DIR}/ObjectMapper/ObjectMapper.framework",
				"${BUILT_PRODUCTS_DIR}/PromiseKit/PromiseKit.framework",
				"${BUILT_PRODUCTS_DIR}/Result/Result.framework",
			);
			name = "[CP] Embed Pods Frameworks";
			outputPaths = (
				"${TARGET_BUILD_DIR}/${FRAMEWORKS_FOLDER_PATH}/Alamofire.framework",
				"${TARGET_BUILD_DIR}/${FRAMEWORKS_FOLDER_PATH}/IQKeyboardManager.framework",
				"${TARGET_BUILD_DIR}/${FRAMEWORKS_FOLDER_PATH}/KeychainSwift.framework",
				"${TARGET_BUILD_DIR}/${FRAMEWORKS_FOLDER_PATH}/Locksmith.framework",
				"${TARGET_BUILD_DIR}/${FRAMEWORKS_FOLDER_PATH}/Moya.framework",
				"${TARGET_BUILD_DIR}/${FRAMEWORKS_FOLDER_PATH}/Moya_ObjectMapper.framework",
				"${TARGET_BUILD_DIR}/${FRAMEWORKS_FOLDER_PATH}/ObjectMapper.framework",
				"${TARGET_BUILD_DIR}/${FRAMEWORKS_FOLDER_PATH}/PromiseKit.framework",
				"${TARGET_BUILD_DIR}/${FRAMEWORKS_FOLDER_PATH}/Result.framework",
			);
			runOnlyForDeploymentPostprocessing = 0;
			shellPath = /bin/sh;
			shellScript = "\"${SRCROOT}/Pods/Target Support Files/Pods-GitHub test/Pods-GitHub test-frameworks.sh\"\n";
			showEnvVarsInLog = 0;
		};
		581EB627F61661EC5EB883D3 /* [CP] Check Pods Manifest.lock */ = {
			isa = PBXShellScriptBuildPhase;
			buildActionMask = 2147483647;
			files = (
			);
			inputPaths = (
				"${PODS_PODFILE_DIR_PATH}/Podfile.lock",
				"${PODS_ROOT}/Manifest.lock",
			);
			name = "[CP] Check Pods Manifest.lock";
			outputPaths = (
				"$(DERIVED_FILE_DIR)/Pods-GitHub test-checkManifestLockResult.txt",
			);
			runOnlyForDeploymentPostprocessing = 0;
			shellPath = /bin/sh;
			shellScript = "diff \"${PODS_PODFILE_DIR_PATH}/Podfile.lock\" \"${PODS_ROOT}/Manifest.lock\" > /dev/null\nif [ $? != 0 ] ; then\n    # print error to STDERR\n    echo \"error: The sandbox is not in sync with the Podfile.lock. Run 'pod install' or update your CocoaPods installation.\" >&2\n    exit 1\nfi\n# This output is used by Xcode 'outputs' to avoid re-running this script phase.\necho \"SUCCESS\" > \"${SCRIPT_OUTPUT_FILE_0}\"\n";
			showEnvVarsInLog = 0;
		};
		C84B568D611681C044A02F59 /* [CP] Copy Pods Resources */ = {
			isa = PBXShellScriptBuildPhase;
			buildActionMask = 2147483647;
			files = (
			);
			inputPaths = (
			);
			name = "[CP] Copy Pods Resources";
			outputPaths = (
			);
			runOnlyForDeploymentPostprocessing = 0;
			shellPath = /bin/sh;
			shellScript = "\"${SRCROOT}/Pods/Target Support Files/Pods-GitHub test/Pods-GitHub test-resources.sh\"\n";
			showEnvVarsInLog = 0;
		};
/* End PBXShellScriptBuildPhase section */

/* Begin PBXSourcesBuildPhase section */
		1A2BFD492048151500B19177 /* Sources */ = {
			isa = PBXSourcesBuildPhase;
			buildActionMask = 2147483647;
			files = (
				1A2BFD512048151500B19177 /* AppDelegate.swift in Sources */,
				1A966A9F204F1A41003AEA9E /* IssueTableViewCell.swift in Sources */,
				1ACEAD302068C7AD00AEE525 /* Variables.swift in Sources */,
				1A370D8F2068E08600A13348 /* CommentsAPI.swift in Sources */,
				1A370D892068E05A00A13348 /* UserAPI.swift in Sources */,
				1A2BFD732048922C00B19177 /* ReposData.xcdatamodeld in Sources */,
				1A2BFD692048854600B19177 /* CoreDataHandler.swift in Sources */,
				1A788DA1206B86CF006BC7D2 /* Repository+CoreDataProperties.swift in Sources */,
				1A6D7E93204B29B700416370 /* RepositoryTableViewCell.swift in Sources */,
				1AD261C920692F09006C4F57 /* CommentsStorage.swift in Sources */,
				1A2BFD6320482D2700B19177 /* LogInController.swift in Sources */,
				1A966A9D204F10DA003AEA9E /* IssueTableViewController.swift in Sources */,
				1A788D9D206B86CF006BC7D2 /* Comments+CoreDataProperties.swift in Sources */,
				1A2BFD672048812D00B19177 /* UserData.swift in Sources */,
				1A788D9C206B86CF006BC7D2 /* Comments+CoreDataClass.swift in Sources */,
				1A788DA0206B86CF006BC7D2 /* Repository+CoreDataClass.swift in Sources */,
				1AD261BB2068F9B8006C4F57 /* UserStorage.swift in Sources */,
				1A788D9E206B86CF006BC7D2 /* Issues+CoreDataClass.swift in Sources */,
				1A788D9F206B86CF006BC7D2 /* Issues+CoreDataProperties.swift in Sources */,
				1AD261C720692EFB006C4F57 /* CommentsServices.swift in Sources */,
				1A370D952068ED6400A13348 /* UserServices.swift in Sources */,
				1A370D8B2068E06B00A13348 /* RepositoriesAPI.swift in Sources */,
				1AD261C120692A5A006C4F57 /* IssuesStorage.swift in Sources */,
				1A2BFD65204875ED00B19177 /* ReposTableViewController.swift in Sources */,
				1AD261BF20691EA3006C4F57 /* RepositoriesStorage.swift in Sources */,
				1AD261C520692C27006C4F57 /* IssuesServices.swift in Sources */,
				1A16B6FE2050131E00653DBB /* CommentsTableViewController.swift in Sources */,
				1A23FC57206E7CBB002B7380 /* MoyaProvider+PromiseKit.swift in Sources */,
				1AD261BD20691C97006C4F57 /* RepositoriesServices.swift in Sources */,
				1A16B7002050132C00653DBB /* CommentsTableViewCell.swift in Sources */,
				1A370D8D2068E07900A13348 /* IssuesAPI.swift in Sources */,
				1AE58DB42072122500FD603D /* CreateIssueController.swift in Sources */,
			);
			runOnlyForDeploymentPostprocessing = 0;
		};
/* End PBXSourcesBuildPhase section */

/* Begin PBXVariantGroup section */
		1A2BFD542048151500B19177 /* Main.storyboard */ = {
			isa = PBXVariantGroup;
			children = (
				1A2BFD552048151500B19177 /* Base */,
			);
			name = Main.storyboard;
			sourceTree = "<group>";
		};
		1A2BFD592048151500B19177 /* LaunchScreen.storyboard */ = {
			isa = PBXVariantGroup;
			children = (
				1A2BFD5A2048151500B19177 /* Base */,
			);
			name = LaunchScreen.storyboard;
			sourceTree = "<group>";
		};
/* End PBXVariantGroup section */

/* Begin XCBuildConfiguration section */
		1A2BFD5D2048151500B19177 /* Debug */ = {
			isa = XCBuildConfiguration;
			buildSettings = {
				ALWAYS_SEARCH_USER_PATHS = NO;
				CLANG_ANALYZER_NONNULL = YES;
				CLANG_ANALYZER_NUMBER_OBJECT_CONVERSION = YES_AGGRESSIVE;
				CLANG_CXX_LANGUAGE_STANDARD = "gnu++14";
				CLANG_CXX_LIBRARY = "libc++";
				CLANG_ENABLE_MODULES = YES;
				CLANG_ENABLE_OBJC_ARC = YES;
				CLANG_WARN_BLOCK_CAPTURE_AUTORELEASING = YES;
				CLANG_WARN_BOOL_CONVERSION = YES;
				CLANG_WARN_COMMA = YES;
				CLANG_WARN_CONSTANT_CONVERSION = YES;
				CLANG_WARN_DEPRECATED_OBJC_IMPLEMENTATIONS = YES;
				CLANG_WARN_DIRECT_OBJC_ISA_USAGE = YES_ERROR;
				CLANG_WARN_DOCUMENTATION_COMMENTS = YES;
				CLANG_WARN_EMPTY_BODY = YES;
				CLANG_WARN_ENUM_CONVERSION = YES;
				CLANG_WARN_INFINITE_RECURSION = YES;
				CLANG_WARN_INT_CONVERSION = YES;
				CLANG_WARN_NON_LITERAL_NULL_CONVERSION = YES;
				CLANG_WARN_OBJC_IMPLICIT_RETAIN_SELF = YES;
				CLANG_WARN_OBJC_LITERAL_CONVERSION = YES;
				CLANG_WARN_OBJC_ROOT_CLASS = YES_ERROR;
				CLANG_WARN_RANGE_LOOP_ANALYSIS = YES;
				CLANG_WARN_STRICT_PROTOTYPES = YES;
				CLANG_WARN_SUSPICIOUS_MOVE = YES;
				CLANG_WARN_UNGUARDED_AVAILABILITY = YES_AGGRESSIVE;
				CLANG_WARN_UNREACHABLE_CODE = YES;
				CLANG_WARN__DUPLICATE_METHOD_MATCH = YES;
				CODE_SIGN_IDENTITY = "iPhone Developer";
				COPY_PHASE_STRIP = NO;
				DEBUG_INFORMATION_FORMAT = dwarf;
				ENABLE_STRICT_OBJC_MSGSEND = YES;
				ENABLE_TESTABILITY = YES;
				GCC_C_LANGUAGE_STANDARD = gnu11;
				GCC_DYNAMIC_NO_PIC = NO;
				GCC_NO_COMMON_BLOCKS = YES;
				GCC_OPTIMIZATION_LEVEL = 0;
				GCC_PREPROCESSOR_DEFINITIONS = (
					"DEBUG=1",
					"$(inherited)",
				);
				GCC_WARN_64_TO_32_BIT_CONVERSION = YES;
				GCC_WARN_ABOUT_RETURN_TYPE = YES_ERROR;
				GCC_WARN_UNDECLARED_SELECTOR = YES;
				GCC_WARN_UNINITIALIZED_AUTOS = YES_AGGRESSIVE;
				GCC_WARN_UNUSED_FUNCTION = YES;
				GCC_WARN_UNUSED_VARIABLE = YES;
				IPHONEOS_DEPLOYMENT_TARGET = 11.1;
				MTL_ENABLE_DEBUG_INFO = YES;
				ONLY_ACTIVE_ARCH = YES;
				SDKROOT = iphoneos;
				SWIFT_ACTIVE_COMPILATION_CONDITIONS = DEBUG;
				SWIFT_OPTIMIZATION_LEVEL = "-Onone";
			};
			name = Debug;
		};
		1A2BFD5E2048151500B19177 /* Release */ = {
			isa = XCBuildConfiguration;
			buildSettings = {
				ALWAYS_SEARCH_USER_PATHS = NO;
				CLANG_ANALYZER_NONNULL = YES;
				CLANG_ANALYZER_NUMBER_OBJECT_CONVERSION = YES_AGGRESSIVE;
				CLANG_CXX_LANGUAGE_STANDARD = "gnu++14";
				CLANG_CXX_LIBRARY = "libc++";
				CLANG_ENABLE_MODULES = YES;
				CLANG_ENABLE_OBJC_ARC = YES;
				CLANG_WARN_BLOCK_CAPTURE_AUTORELEASING = YES;
				CLANG_WARN_BOOL_CONVERSION = YES;
				CLANG_WARN_COMMA = YES;
				CLANG_WARN_CONSTANT_CONVERSION = YES;
				CLANG_WARN_DEPRECATED_OBJC_IMPLEMENTATIONS = YES;
				CLANG_WARN_DIRECT_OBJC_ISA_USAGE = YES_ERROR;
				CLANG_WARN_DOCUMENTATION_COMMENTS = YES;
				CLANG_WARN_EMPTY_BODY = YES;
				CLANG_WARN_ENUM_CONVERSION = YES;
				CLANG_WARN_INFINITE_RECURSION = YES;
				CLANG_WARN_INT_CONVERSION = YES;
				CLANG_WARN_NON_LITERAL_NULL_CONVERSION = YES;
				CLANG_WARN_OBJC_IMPLICIT_RETAIN_SELF = YES;
				CLANG_WARN_OBJC_LITERAL_CONVERSION = YES;
				CLANG_WARN_OBJC_ROOT_CLASS = YES_ERROR;
				CLANG_WARN_RANGE_LOOP_ANALYSIS = YES;
				CLANG_WARN_STRICT_PROTOTYPES = YES;
				CLANG_WARN_SUSPICIOUS_MOVE = YES;
				CLANG_WARN_UNGUARDED_AVAILABILITY = YES_AGGRESSIVE;
				CLANG_WARN_UNREACHABLE_CODE = YES;
				CLANG_WARN__DUPLICATE_METHOD_MATCH = YES;
				CODE_SIGN_IDENTITY = "iPhone Developer";
				COPY_PHASE_STRIP = NO;
				DEBUG_INFORMATION_FORMAT = "dwarf-with-dsym";
				ENABLE_NS_ASSERTIONS = NO;
				ENABLE_STRICT_OBJC_MSGSEND = YES;
				GCC_C_LANGUAGE_STANDARD = gnu11;
				GCC_NO_COMMON_BLOCKS = YES;
				GCC_WARN_64_TO_32_BIT_CONVERSION = YES;
				GCC_WARN_ABOUT_RETURN_TYPE = YES_ERROR;
				GCC_WARN_UNDECLARED_SELECTOR = YES;
				GCC_WARN_UNINITIALIZED_AUTOS = YES_AGGRESSIVE;
				GCC_WARN_UNUSED_FUNCTION = YES;
				GCC_WARN_UNUSED_VARIABLE = YES;
				IPHONEOS_DEPLOYMENT_TARGET = 11.1;
				MTL_ENABLE_DEBUG_INFO = NO;
				SDKROOT = iphoneos;
				SWIFT_OPTIMIZATION_LEVEL = "-Owholemodule";
				VALIDATE_PRODUCT = YES;
			};
			name = Release;
		};
		1A2BFD602048151500B19177 /* Debug */ = {
			isa = XCBuildConfiguration;
			baseConfigurationReference = 7D46DE56CE9744413EAA9208 /* Pods-GitHub test.debug.xcconfig */;
			buildSettings = {
				ASSETCATALOG_COMPILER_APPICON_NAME = AppIcon;
				CODE_SIGN_ENTITLEMENTS = "GitHub test/GitHub test.entitlements";
				CODE_SIGN_IDENTITY = "iPhone Developer";
				CODE_SIGN_STYLE = Automatic;
				DEVELOPMENT_TEAM = M27452296M;
				INFOPLIST_FILE = "GitHub test/Info.plist";
				IPHONEOS_DEPLOYMENT_TARGET = 11.2;
				LD_RUNPATH_SEARCH_PATHS = "$(inherited) @executable_path/Frameworks";
				PRODUCT_BUNDLE_IDENTIFIER = "com.Marchenko.GitHub-test";
				PRODUCT_NAME = "$(TARGET_NAME)";
				PROVISIONING_PROFILE_SPECIFIER = "";
				SWIFT_VERSION = 4.0;
				TARGETED_DEVICE_FAMILY = "1,2";
			};
			name = Debug;
		};
		1A2BFD612048151500B19177 /* Release */ = {
			isa = XCBuildConfiguration;
			baseConfigurationReference = 57E527C0CE54960E2DA1CAB9 /* Pods-GitHub test.release.xcconfig */;
			buildSettings = {
				ASSETCATALOG_COMPILER_APPICON_NAME = AppIcon;
				CODE_SIGN_ENTITLEMENTS = "GitHub test/GitHub test.entitlements";
				CODE_SIGN_IDENTITY = "iPhone Distribution: Nikita Marchenko (M27452296M)";
				CODE_SIGN_STYLE = Manual;
				DEVELOPMENT_TEAM = M27452296M;
				INFOPLIST_FILE = "GitHub test/Info.plist";
				IPHONEOS_DEPLOYMENT_TARGET = 11.2;
				LD_RUNPATH_SEARCH_PATHS = "$(inherited) @executable_path/Frameworks";
				PRODUCT_BUNDLE_IDENTIFIER = "com.Marchenko.GitHub-test";
				PRODUCT_NAME = "$(TARGET_NAME)";
				PROVISIONING_PROFILE = "33e0660a-08d7-4331-978d-e0292e900d55";
				PROVISIONING_PROFILE_SPECIFIER = "Git client ad Hoc";
				SWIFT_VERSION = 4.0;
				TARGETED_DEVICE_FAMILY = "1,2";
			};
			name = Release;
		};
/* End XCBuildConfiguration section */

/* Begin XCConfigurationList section */
		1A2BFD482048151500B19177 /* Build configuration list for PBXProject "GitHub test" */ = {
			isa = XCConfigurationList;
			buildConfigurations = (
				1A2BFD5D2048151500B19177 /* Debug */,
				1A2BFD5E2048151500B19177 /* Release */,
			);
			defaultConfigurationIsVisible = 0;
			defaultConfigurationName = Release;
		};
		1A2BFD5F2048151500B19177 /* Build configuration list for PBXNativeTarget "GitHub test" */ = {
			isa = XCConfigurationList;
			buildConfigurations = (
				1A2BFD602048151500B19177 /* Debug */,
				1A2BFD612048151500B19177 /* Release */,
			);
			defaultConfigurationIsVisible = 0;
			defaultConfigurationName = Release;
		};
/* End XCConfigurationList section */

/* Begin XCVersionGroup section */
		1A2BFD712048922C00B19177 /* ReposData.xcdatamodeld */ = {
			isa = XCVersionGroup;
			children = (
				1A2BFD722048922C00B19177 /* ReposData.xcdatamodel */,
			);
			currentVersion = 1A2BFD722048922C00B19177 /* ReposData.xcdatamodel */;
			path = ReposData.xcdatamodeld;
			sourceTree = "<group>";
			versionGroupType = wrapper.xcdatamodel;
		};
/* End XCVersionGroup section */
	};
	rootObject = 1A2BFD452048151500B19177 /* Project object */;
}
